
Microsoft Visual Studio Solution File, Format Version 12.00
# Visual Studio Version 17
VisualStudioVersion = 17.0.31903.59
MinimumVisualStudioVersion = 10.0.40219.1
Project("{2150E333-8FDC-42A3-9474-1A3956D46DE8}") = "src", "src", "{827E0CD3-B72D-47B6-A68D-7590B98EB39B}"
EndProject
Project("{FAE04EC0-301F-11D3-BF4B-00C04F79EFBC}") = "RemoteWork.Desktop.Core", "src\RemoteWork.Desktop.Core\RemoteWork.Desktop.Core.csproj", "{A2FFDF04-B377-4A0F-9C02-6A6018D317EB}"
EndProject
Project("{FAE04EC0-301F-11D3-BF4B-00C04F79EFBC}") = "RemoteWork.Desktop.Platform.Abstractions", "src\RemoteWork.Desktop.Platform.Abstractions\RemoteWork.Desktop.Platform.Abstractions.csproj", "{D3E33AA1-0601-41EE-AD36-548452356345}"
EndProject
Project("{FAE04EC0-301F-11D3-BF4B-00C04F79EFBC}") = "RemoteWork.Desktop.Platform.Windows", "src\RemoteWork.Desktop.Platform.Windows\RemoteWork.Desktop.Platform.Windows.csproj", "{D44458DF-4197-4063-B8A3-9B05268A5F6C}"
EndProject
Project("{FAE04EC0-301F-11D3-BF4B-00C04F79EFBC}") = "RemoteWork.Desktop.Platform.MacOS", "src\RemoteWork.Desktop.Platform.MacOS\RemoteWork.Desktop.Platform.MacOS.csproj", "{B39F12DC-CF77-4188-9191-FA1CD6760756}"
EndProject
Project("{FAE04EC0-301F-11D3-BF4B-00C04F79EFBC}") = "RemoteWork.Desktop.Platform.Linux", "src\RemoteWork.Desktop.Platform.Linux\RemoteWork.Desktop.Platform.Linux.csproj", "{35B6E629-811F-4B10-ABA3-5F6907559998}"
EndProject
Project("{FAE04EC0-301F-11D3-BF4B-00C04F79EFBC}") = "RemoteWork.Desktop.Application", "src\RemoteWork.Desktop.Application\RemoteWork.Desktop.Application.csproj", "{D9FA3506-FDDB-4E11-8B56-F7986A1C6A60}"
EndProject
Project("{FAE04EC0-301F-11D3-BF4B-00C04F79EFBC}") = "RemoteWork.Desktop.Infrastructure", "src\RemoteWork.Desktop.Infrastructure\RemoteWork.Desktop.Infrastructure.csproj", "{FB2B69BD-0D6A-4EAA-BA88-2F9FBE2AFE0D}"
EndProject
Project("{FAE04EC0-301F-11D3-BF4B-00C04F79EFBC}") = "RemoteWork.Desktop.Persistence", "src\RemoteWork.Desktop.Persistence\RemoteWork.Desktop.Persistence.csproj", "{51A12BB0-E651-456D-89EE-BDF888ACE917}"
EndProject
Project("{FAE04EC0-301F-11D3-BF4B-00C04F79EFBC}") = "RemoteWork.Desktop.Host", "src\RemoteWork.Desktop.Host\RemoteWork.Desktop.Host.csproj", "{7FDBD1B4-166F-4208-922B-DD71FD44F949}"
EndProject
Project("{2150E333-8FDC-42A3-9474-1A3956D46DE8}") = "tests", "tests", "{0AB3BF05-4346-4AA6-1389-037BE0695223}"
EndProject
Project("{FAE04EC0-301F-11D3-BF4B-00C04F79EFBC}") = "RemoteWork.Desktop.UnitTests", "tests\RemoteWork.Desktop.UnitTests\RemoteWork.Desktop.UnitTests.csproj", "{09E2098E-C3D5-4BB7-B3B5-6A2B5831D32D}"
EndProject
Project("{FAE04EC0-301F-11D3-BF4B-00C04F79EFBC}") = "RemoteWork.Desktop.IntegrationTests", "tests\RemoteWork.Desktop.IntegrationTests\RemoteWork.Desktop.IntegrationTests.csproj", "{1DA13D63-56C0-4FEE-B7AF-2CE478AD675C}"
EndProject
Global
	GlobalSection(SolutionConfigurationPlatforms) = preSolution
		Debug|Any CPU = Debug|Any CPU
		Debug|x64 = Debug|x64
		Debug|x86 = Debug|x86
		Release|Any CPU = Release|Any CPU
		Release|x64 = Release|x64
		Release|x86 = Release|x86
	EndGlobalSection
	GlobalSection(ProjectConfigurationPlatforms) = postSolution
		{A2FFDF04-B377-4A0F-9C02-6A6018D317EB}.Debug|Any CPU.ActiveCfg = Debug|Any CPU
		{A2FFDF04-B377-4A0F-9C02-6A6018D317EB}.Debug|Any CPU.Build.0 = Debug|Any CPU
		{A2FFDF04-B377-4A0F-9C02-6A6018D317EB}.Debug|x64.ActiveCfg = Debug|Any CPU
		{A2FFDF04-B377-4A0F-9C02-6A6018D317EB}.Debug|x64.Build.0 = Debug|Any CPU
		{A2FFDF04-B377-4A0F-9C02-6A6018D317EB}.Debug|x86.ActiveCfg = Debug|Any CPU
		{A2FFDF04-B377-4A0F-9C02-6A6018D317EB}.Debug|x86.Build.0 = Debug|Any CPU
		{A2FFDF04-B377-4A0F-9C02-6A6018D317EB}.Release|Any CPU.ActiveCfg = Release|Any CPU
		{A2FFDF04-B377-4A0F-9C02-6A6018D317EB}.Release|Any CPU.Build.0 = Release|Any CPU
		{A2FFDF04-B377-4A0F-9C02-6A6018D317EB}.Release|x64.ActiveCfg = Release|Any CPU
		{A2FFDF04-B377-4A0F-9C02-6A6018D317EB}.Release|x64.Build.0 = Release|Any CPU
		{A2FFDF04-B377-4A0F-9C02-6A6018D317EB}.Release|x86.ActiveCfg = Release|Any CPU
		{A2FFDF04-B377-4A0F-9C02-6A6018D317EB}.Release|x86.Build.0 = Release|Any CPU
		{D3E33AA1-0601-41EE-AD36-548452356345}.Debug|Any CPU.ActiveCfg = Debug|Any CPU
		{D3E33AA1-0601-41EE-AD36-548452356345}.Debug|Any CPU.Build.0 = Debug|Any CPU
		{D3E33AA1-0601-41EE-AD36-548452356345}.Debug|x64.ActiveCfg = Debug|Any CPU
		{D3E33AA1-0601-41EE-AD36-548452356345}.Debug|x64.Build.0 = Debug|Any CPU
		{D3E33AA1-0601-41EE-AD36-548452356345}.Debug|x86.ActiveCfg = Debug|Any CPU
		{D3E33AA1-0601-41EE-AD36-548452356345}.Debug|x86.Build.0 = Debug|Any CPU
		{D3E33AA1-0601-41EE-AD36-548452356345}.Release|Any CPU.ActiveCfg = Release|Any CPU
		{D3E33AA1-0601-41EE-AD36-548452356345}.Release|Any CPU.Build.0 = Release|Any CPU
		{D3E33AA1-0601-41EE-AD36-548452356345}.Release|x64.ActiveCfg = Release|Any CPU
		{D3E33AA1-0601-41EE-AD36-548452356345}.Release|x64.Build.0 = Release|Any CPU
		{D3E33AA1-0601-41EE-AD36-548452356345}.Release|x86.ActiveCfg = Release|Any CPU
		{D3E33AA1-0601-41EE-AD36-548452356345}.Release|x86.Build.0 = Release|Any CPU
		{D44458DF-4197-4063-B8A3-9B05268A5F6C}.Debug|Any CPU.ActiveCfg = Debug|Any CPU
		{D44458DF-4197-4063-B8A3-9B05268A5F6C}.Debug|Any CPU.Build.0 = Debug|Any CPU
		{D44458DF-4197-4063-B8A3-9B05268A5F6C}.Debug|x64.ActiveCfg = Debug|Any CPU
		{D44458DF-4197-4063-B8A3-9B05268A5F6C}.Debug|x64.Build.0 = Debug|Any CPU
		{D44458DF-4197-4063-B8A3-9B05268A5F6C}.Debug|x86.ActiveCfg = Debug|Any CPU
		{D44458DF-4197-4063-B8A3-9B05268A5F6C}.Debug|x86.Build.0 = Debug|Any CPU
		{D44458DF-4197-4063-B8A3-9B05268A5F6C}.Release|Any CPU.ActiveCfg = Release|Any CPU
		{D44458DF-4197-4063-B8A3-9B05268A5F6C}.Release|Any CPU.Build.0 = Release|Any CPU
		{D44458DF-4197-4063-B8A3-9B05268A5F6C}.Release|x64.ActiveCfg = Release|Any CPU
		{D44458DF-4197-4063-B8A3-9B05268A5F6C}.Release|x64.Build.0 = Release|Any CPU
		{D44458DF-4197-4063-B8A3-9B05268A5F6C}.Release|x86.ActiveCfg = Release|Any CPU
		{D44458DF-4197-4063-B8A3-9B05268A5F6C}.Release|x86.Build.0 = Release|Any CPU
		{B39F12DC-CF77-4188-9191-FA1CD6760756}.Debug|Any CPU.ActiveCfg = Debug|Any CPU
		{B39F12DC-CF77-4188-9191-FA1CD6760756}.Debug|Any CPU.Build.0 = Debug|Any CPU
		{B39F12DC-CF77-4188-9191-FA1CD6760756}.Debug|x64.ActiveCfg = Debug|Any CPU
		{B39F12DC-CF77-4188-9191-FA1CD6760756}.Debug|x64.Build.0 = Debug|Any CPU
		{B39F12DC-CF77-4188-9191-FA1CD6760756}.Debug|x86.ActiveCfg = Debug|Any CPU
		{B39F12DC-CF77-4188-9191-FA1CD6760756}.Debug|x86.Build.0 = Debug|Any CPU
		{B39F12DC-CF77-4188-9191-FA1CD6760756}.Release|Any CPU.ActiveCfg = Release|Any CPU
		{B39F12DC-CF77-4188-9191-FA1CD6760756}.Release|Any CPU.Build.0 = Release|Any CPU
		{B39F12DC-CF77-4188-9191-FA1CD6760756}.Release|x64.ActiveCfg = Release|Any CPU
		{B39F12DC-CF77-4188-9191-FA1CD6760756}.Release|x64.Build.0 = Release|Any CPU
		{B39F12DC-CF77-4188-9191-FA1CD6760756}.Release|x86.ActiveCfg = Release|Any CPU
		{B39F12DC-CF77-4188-9191-FA1CD6760756}.Release|x86.Build.0 = Release|Any CPU
		{35B6E629-811F-4B10-ABA3-5F6907559998}.Debug|Any CPU.ActiveCfg = Debug|Any CPU
		{35B6E629-811F-4B10-ABA3-5F6907559998}.Debug|Any CPU.Build.0 = Debug|Any CPU
		{35B6E629-811F-4B10-ABA3-5F6907559998}.Debug|x64.ActiveCfg = Debug|Any CPU
		{35B6E629-811F-4B10-ABA3-5F6907559998}.Debug|x64.Build.0 = Debug|Any CPU
		{35B6E629-811F-4B10-ABA3-5F6907559998}.Debug|x86.ActiveCfg = Debug|Any CPU
		{35B6E629-811F-4B10-ABA3-5F6907559998}.Debug|x86.Build.0 = Debug|Any CPU
		{35B6E629-811F-4B10-ABA3-5F6907559998}.Release|Any CPU.ActiveCfg = Release|Any CPU
		{35B6E629-811F-4B10-ABA3-5F6907559998}.Release|Any CPU.Build.0 = Release|Any CPU
		{35B6E629-811F-4B10-ABA3-5F6907559998}.Release|x64.ActiveCfg = Release|Any CPU
		{35B6E629-811F-4B10-ABA3-5F6907559998}.Release|x64.Build.0 = Release|Any CPU
		{35B6E629-811F-4B10-ABA3-5F6907559998}.Release|x86.ActiveCfg = Release|Any CPU
		{35B6E629-811F-4B10-ABA3-5F6907559998}.Release|x86.Build.0 = Release|Any CPU
		{D9FA3506-FDDB-4E11-8B56-F7986A1C6A60}.Debug|Any CPU.ActiveCfg = Debug|Any CPU
		{D9FA3506-FDDB-4E11-8B56-F7986A1C6A60}.Debug|Any CPU.Build.0 = Debug|Any CPU
		{D9FA3506-FDDB-4E11-8B56-F7986A1C6A60}.Debug|x64.ActiveCfg = Debug|Any CPU
		{D9FA3506-FDDB-4E11-8B56-F7986A1C6A60}.Debug|x64.Build.0 = Debug|Any CPU
		{D9FA3506-FDDB-4E11-8B56-F7986A1C6A60}.Debug|x86.ActiveCfg = Debug|Any CPU
		{D9FA3506-FDDB-4E11-8B56-F7986A1C6A60}.Debug|x86.Build.0 = Debug|Any CPU
		{D9FA3506-FDDB-4E11-8B56-F7986A1C6A60}.Release|Any CPU.ActiveCfg = Release|Any CPU
		{D9FA3506-FDDB-4E11-8B56-F7986A1C6A60}.Release|Any CPU.Build.0 = Release|Any CPU
		{D9FA3506-FDDB-4E11-8B56-F7986A1C6A60}.Release|x64.ActiveCfg = Release|Any CPU
		{D9FA3506-FDDB-4E11-8B56-F7986A1C6A60}.Release|x64.Build.0 = Release|Any CPU
		{D9FA3506-FDDB-4E11-8B56-F7986A1C6A60}.Release|x86.ActiveCfg = Release|Any CPU
		{D9FA3506-FDDB-4E11-8B56-F7986A1C6A60}.Release|x86.Build.0 = Release|Any CPU
		{FB2B69BD-0D6A-4EAA-BA88-2F9FBE2AFE0D}.Debug|Any CPU.ActiveCfg = Debug|Any CPU
		{FB2B69BD-0D6A-4EAA-BA88-2F9FBE2AFE0D}.Debug|Any CPU.Build.0 = Debug|Any CPU
		{FB2B69BD-0D6A-4EAA-BA88-2F9FBE2AFE0D}.Debug|x64.ActiveCfg = Debug|Any CPU
		{FB2B69BD-0D6A-4EAA-BA88-2F9FBE2AFE0D}.Debug|x64.Build.0 = Debug|Any CPU
		{FB2B69BD-0D6A-4EAA-BA88-2F9FBE2AFE0D}.Debug|x86.ActiveCfg = Debug|Any CPU
		{FB2B69BD-0D6A-4EAA-BA88-2F9FBE2AFE0D}.Debug|x86.Build.0 = Debug|Any CPU
		{FB2B69BD-0D6A-4EAA-BA88-2F9FBE2AFE0D}.Release|Any CPU.ActiveCfg = Release|Any CPU
		{FB2B69BD-0D6A-4EAA-BA88-2F9FBE2AFE0D}.Release|Any CPU.Build.0 = Release|Any CPU
		{FB2B69BD-0D6A-4EAA-BA88-2F9FBE2AFE0D}.Release|x64.ActiveCfg = Release|Any CPU
		{FB2B69BD-0D6A-4EAA-BA88-2F9FBE2AFE0D}.Release|x64.Build.0 = Release|Any CPU
		{FB2B69BD-0D6A-4EAA-BA88-2F9FBE2AFE0D}.Release|x86.ActiveCfg = Release|Any CPU
		{FB2B69BD-0D6A-4EAA-BA88-2F9FBE2AFE0D}.Release|x86.Build.0 = Release|Any CPU
		{51A12BB0-E651-456D-89EE-BDF888ACE917}.Debug|Any CPU.ActiveCfg = Debug|Any CPU
		{51A12BB0-E651-456D-89EE-BDF888ACE917}.Debug|Any CPU.Build.0 = Debug|Any CPU
		{51A12BB0-E651-456D-89EE-BDF888ACE917}.Debug|x64.ActiveCfg = Debug|Any CPU
		{51A12BB0-E651-456D-89EE-BDF888ACE917}.Debug|x64.Build.0 = Debug|Any CPU
		{51A12BB0-E651-456D-89EE-BDF888ACE917}.Debug|x86.ActiveCfg = Debug|Any CPU
		{51A12BB0-E651-456D-89EE-BDF888ACE917}.Debug|x86.Build.0 = Debug|Any CPU
		{51A12BB0-E651-456D-89EE-BDF888ACE917}.Release|Any CPU.ActiveCfg = Release|Any CPU
		{51A12BB0-E651-456D-89EE-BDF888ACE917}.Release|Any CPU.Build.0 = Release|Any CPU
		{51A12BB0-E651-456D-89EE-BDF888ACE917}.Release|x64.ActiveCfg = Release|Any CPU
		{51A12BB0-E651-456D-89EE-BDF888ACE917}.Release|x64.Build.0 = Release|Any CPU
		{51A12BB0-E651-456D-89EE-BDF888ACE917}.Release|x86.ActiveCfg = Release|Any CPU
		{51A12BB0-E651-456D-89EE-BDF888ACE917}.Release|x86.Build.0 = Release|Any CPU
		{7FDBD1B4-166F-4208-922B-DD71FD44F949}.Debug|Any CPU.ActiveCfg = Debug|Any CPU
		{7FDBD1B4-166F-4208-922B-DD71FD44F949}.Debug|Any CPU.Build.0 = Debug|Any CPU
		{7FDBD1B4-166F-4208-922B-DD71FD44F949}.Debug|x64.ActiveCfg = Debug|Any CPU
		{7FDBD1B4-166F-4208-922B-DD71FD44F949}.Debug|x64.Build.0 = Debug|Any CPU
		{7FDBD1B4-166F-4208-922B-DD71FD44F949}.Debug|x86.ActiveCfg = Debug|Any CPU
		{7FDBD1B4-166F-4208-922B-DD71FD44F949}.Debug|x86.Build.0 = Debug|Any CPU
		{7FDBD1B4-166F-4208-922B-DD71FD44F949}.Release|Any CPU.ActiveCfg = Release|Any CPU
		{7FDBD1B4-166F-4208-922B-DD71FD44F949}.Release|Any CPU.Build.0 = Release|Any CPU
		{7FDBD1B4-166F-4208-922B-DD71FD44F949}.Release|x64.ActiveCfg = Release|Any CPU
		{7FDBD1B4-166F-4208-922B-DD71FD44F949}.Release|x64.Build.0 = Release|Any CPU
		{7FDBD1B4-166F-4208-922B-DD71FD44F949}.Release|x86.ActiveCfg = Release|Any CPU
		{7FDBD1B4-166F-4208-922B-DD71FD44F949}.Release|x86.Build.0 = Release|Any CPU
		{09E2098E-C3D5-4BB7-B3B5-6A2B5831D32D}.Debug|Any CPU.ActiveCfg = Debug|Any CPU
		{09E2098E-C3D5-4BB7-B3B5-6A2B5831D32D}.Debug|Any CPU.Build.0 = Debug|Any CPU
		{09E2098E-C3D5-4BB7-B3B5-6A2B5831D32D}.Debug|x64.ActiveCfg = Debug|Any CPU
		{09E2098E-C3D5-4BB7-B3B5-6A2B5831D32D}.Debug|x64.Build.0 = Debug|Any CPU
		{09E2098E-C3D5-4BB7-B3B5-6A2B5831D32D}.Debug|x86.ActiveCfg = Debug|Any CPU
		{09E2098E-C3D5-4BB7-B3B5-6A2B5831D32D}.Debug|x86.Build.0 = Debug|Any CPU
		{09E2098E-C3D5-4BB7-B3B5-6A2B5831D32D}.Release|Any CPU.ActiveCfg = Release|Any CPU
		{09E2098E-C3D5-4BB7-B3B5-6A2B5831D32D}.Release|Any CPU.Build.0 = Release|Any CPU
		{09E2098E-C3D5-4BB7-B3B5-6A2B5831D32D}.Release|x64.ActiveCfg = Release|Any CPU
		{09E2098E-C3D5-4BB7-B3B5-6A2B5831D32D}.Release|x64.Build.0 = Release|Any CPU
		{09E2098E-C3D5-4BB7-B3B5-6A2B5831D32D}.Release|x86.ActiveCfg = Release|Any CPU
		{09E2098E-C3D5-4BB7-B3B5-6A2B5831D32D}.Release|x86.Build.0 = Release|Any CPU
		{1DA13D63-56C0-4FEE-B7AF-2CE478AD675C}.Debug|Any CPU.ActiveCfg = Debug|Any CPU
		{1DA13D63-56C0-4FEE-B7AF-2CE478AD675C}.Debug|Any CPU.Build.0 = Debug|Any CPU
		{1DA13D63-56C0-4FEE-B7AF-2CE478AD675C}.Debug|x64.ActiveCfg = Debug|Any CPU
		{1DA13D63-56C0-4FEE-B7AF-2CE478AD675C}.Debug|x64.Build.0 = Debug|Any CPU
		{1DA13D63-56C0-4FEE-B7AF-2CE478AD675C}.Debug|x86.ActiveCfg = Debug|Any CPU
		{1DA13D63-56C0-4FEE-B7AF-2CE478AD675C}.Debug|x86.Build.0 = Debug|Any CPU
		{1DA13D63-56C0-4FEE-B7AF-2CE478AD675C}.Release|Any CPU.ActiveCfg = Release|Any CPU
		{1DA13D63-56C0-4FEE-B7AF-2CE478AD675C}.Release|Any CPU.Build.0 = Release|Any CPU
		{1DA13D63-56C0-4FEE-B7AF-2CE478AD675C}.Release|x64.ActiveCfg = Release|Any CPU
		{1DA13D63-56C0-4FEE-B7AF-2CE478AD675C}.Release|x64.Build.0 = Release|Any CPU
		{1DA13D63-56C0-4FEE-B7AF-2CE478AD675C}.Release|x86.ActiveCfg = Release|Any CPU
		{1DA13D63-56C0-4FEE-B7AF-2CE478AD675C}.Release|x86.Build.0 = Release|Any CPU
	EndGlobalSection
	GlobalSection(SolutionProperties) = preSolution
		HideSolutionNode = FALSE
	EndGlobalSection
	GlobalSection(NestedProjects) = preSolution
		{A2FFDF04-B377-4A0F-9C02-6A6018D317EB} = {827E0CD3-B72D-47B6-A68D-7590B98EB39B}
		{D3E33AA1-0601-41EE-AD36-548452356345} = {827E0CD3-B72D-47B6-A68D-7590B98EB39B}
		{D44458DF-4197-4063-B8A3-9B05268A5F6C} = {827E0CD3-B72D-47B6-A68D-7590B98EB39B}
		{B39F12DC-CF77-4188-9191-FA1CD6760756} = {827E0CD3-B72D-47B6-A68D-7590B98EB39B}
		{35B6E629-811F-4B10-ABA3-5F6907559998} = {827E0CD3-B72D-47B6-A68D-7590B98EB39B}
		{D9FA3506-FDDB-4E11-8B56-F7986A1C6A60} = {827E0CD3-B72D-47B6-A68D-7590B98EB39B}
		{FB2B69BD-0D6A-4EAA-BA88-2F9FBE2AFE0D} = {827E0CD3-B72D-47B6-A68D-7590B98EB39B}
		{51A12BB0-E651-456D-89EE-BDF888ACE917} = {827E0CD3-B72D-47B6-A68D-7590B98EB39B}
		{7FDBD1B4-166F-4208-922B-DD71FD44F949} = {827E0CD3-B72D-47B6-A68D-7590B98EB39B}
		{09E2098E-C3D5-4BB7-B3B5-6A2B5831D32D} = {0AB3BF05-4346-4AA6-1389-037BE0695223}
		{1DA13D63-56C0-4FEE-B7AF-2CE478AD675C} = {0AB3BF05-4346-4AA6-1389-037BE0695223}
	EndGlobalSection
EndGlobal
